
Microsoft Visual Studio Solution File, Format Version 12.00
# Visual Studio Version 16
VisualStudioVersion = 16.0.30717.126
MinimumVisualStudioVersion = 10.0.40219.1
Project("{9A19103F-16F7-4668-BE54-9A1E7A4F7556}") = "EmployeeTimesheet", "EmployeeTimesheet.csproj", "{323D04D3-D3D5-4995-A8F8-3A8EE7B36200}"
EndProject
Global
	GlobalSection(SolutionConfigurationPlatforms) = preSolution
		Debug|Any CPU = Debug|Any CPU
		Release|Any CPU = Release|Any CPU
	EndGlobalSection
	GlobalSection(ProjectConfigurationPlatforms) = postSolution
		{323D04D3-D3D5-4995-A8F8-3A8EE7B36200}.Debug|Any CPU.ActiveCfg = Debug|Any CPU
		{323D04D3-D3D5-4995-A8F8-3A8EE7B36200}.Debug|Any CPU.Build.0 = Debug|Any CPU
		{323D04D3-D3D5-4995-A8F8-3A8EE7B36200}.Release|Any CPU.ActiveCfg = Release|Any CPU
		{323D04D3-D3D5-4995-A8F8-3A8EE7B36200}.Release|Any CPU.Build.0 = Release|Any CPU
	EndGlobalSection
	GlobalSection(SolutionProperties) = preSolution
		HideSolutionNode = FALSE
	EndGlobalSection
	GlobalSection(ExtensibilityGlobals) = postSolution
		SolutionGuid = {59073B08-8630-4440-B964-2C869AB853E4}
	EndGlobalSection
EndGlobal
